
Microsoft Visual Studio Solution File, Format Version 12.00
# Visual Studio Version 17
VisualStudioVersion = 17.9.34622.214
MinimumVisualStudioVersion = 10.0.40219.1
Project("{9A19103F-16F7-4668-BE54-9A1E7A4F7556}") = "GamesStore.API", "GamesStore.API\GamesStore.API.csproj", "{AFED33A4-492C-4C42-A6A3-189BDDA1F157}"
	ProjectSection(ProjectDependencies) = postProject
		{6BF115DF-9F95-4A06-8D17-787C75F3AC6B} = {6BF115DF-9F95-4A06-8D17-787C75F3AC6B}
	EndProjectSection
EndProject
Project("{9A19103F-16F7-4668-BE54-9A1E7A4F7556}") = "GamesStore.Application", "GamesStore.Application\GamesStore.Application.csproj", "{6BF115DF-9F95-4A06-8D17-787C75F3AC6B}"
	ProjectSection(ProjectDependencies) = postProject
		{7A70A1F0-7CB2-4359-802F-6A4A11B6276E} = {7A70A1F0-7CB2-4359-802F-6A4A11B6276E}
	EndProjectSection
EndProject
Project("{9A19103F-16F7-4668-BE54-9A1E7A4F7556}") = "GamesStore.Persistence", "GamesStore.Persistence\GamesStore.Persistence.csproj", "{7A70A1F0-7CB2-4359-802F-6A4A11B6276E}"
EndProject
Project("{FAE04EC0-301F-11D3-BF4B-00C04F79EFBC}") = "GamesStore.Infrastructure", "GamesStore.Infrastructure\GamesStore.Infrastructure.csproj", "{996365C6-AC75-412D-A04C-1CEE07AA162F}"
EndProject
Global
	GlobalSection(SolutionConfigurationPlatforms) = preSolution
		Debug|Any CPU = Debug|Any CPU
		Release|Any CPU = Release|Any CPU
	EndGlobalSection
	GlobalSection(ProjectConfigurationPlatforms) = postSolution
		{AFED33A4-492C-4C42-A6A3-189BDDA1F157}.Debug|Any CPU.ActiveCfg = Debug|Any CPU
		{AFED33A4-492C-4C42-A6A3-189BDDA1F157}.Debug|Any CPU.Build.0 = Debug|Any CPU
		{AFED33A4-492C-4C42-A6A3-189BDDA1F157}.Release|Any CPU.ActiveCfg = Release|Any CPU
		{AFED33A4-492C-4C42-A6A3-189BDDA1F157}.Release|Any CPU.Build.0 = Release|Any CPU
		{6BF115DF-9F95-4A06-8D17-787C75F3AC6B}.Debug|Any CPU.ActiveCfg = Debug|Any CPU
		{6BF115DF-9F95-4A06-8D17-787C75F3AC6B}.Debug|Any CPU.Build.0 = Debug|Any CPU
		{6BF115DF-9F95-4A06-8D17-787C75F3AC6B}.Release|Any CPU.ActiveCfg = Release|Any CPU
		{6BF115DF-9F95-4A06-8D17-787C75F3AC6B}.Release|Any CPU.Build.0 = Release|Any CPU
		{7A70A1F0-7CB2-4359-802F-6A4A11B6276E}.Debug|Any CPU.ActiveCfg = Debug|Any CPU
		{7A70A1F0-7CB2-4359-802F-6A4A11B6276E}.Debug|Any CPU.Build.0 = Debug|Any CPU
		{7A70A1F0-7CB2-4359-802F-6A4A11B6276E}.Release|Any CPU.ActiveCfg = Release|Any CPU
		{7A70A1F0-7CB2-4359-802F-6A4A11B6276E}.Release|Any CPU.Build.0 = Release|Any CPU
		{996365C6-AC75-412D-A04C-1CEE07AA162F}.Debug|Any CPU.ActiveCfg = Debug|Any CPU
		{996365C6-AC75-412D-A04C-1CEE07AA162F}.Debug|Any CPU.Build.0 = Debug|Any CPU
		{996365C6-AC75-412D-A04C-1CEE07AA162F}.Release|Any CPU.ActiveCfg = Release|Any CPU
		{996365C6-AC75-412D-A04C-1CEE07AA162F}.Release|Any CPU.Build.0 = Release|Any CPU
	EndGlobalSection
	GlobalSection(SolutionProperties) = preSolution
		HideSolutionNode = FALSE
	EndGlobalSection
	GlobalSection(ExtensibilityGlobals) = postSolution
		SolutionGuid = {BD5FFF37-FA5F-4B9D-8113-980EC702540C}
	EndGlobalSection
EndGlobal
